PODS:
  - Alamofire (4.9.1)
  - PromiseKit (6.13.1):
    - PromiseKit/CorePromise (= 6.13.1)
    - PromiseKit/Foundation (= 6.13.1)
    - PromiseKit/UIKit (= 6.13.1)
  - PromiseKit/Alamofire (6.13.1):
    - Alamofire (~> 4.0)
    - PromiseKit/CorePromise
  - PromiseKit/CorePromise (6.13.1)
  - PromiseKit/Foundation (6.13.1):
    - PromiseKit/CorePromise
  - PromiseKit/UIKit (6.13.1):
    - PromiseKit/CorePromise
  - Realm (3.20.0):
    - Realm/Headers (= 3.20.0)
  - Realm/Headers (3.20.0)
  - RealmSwift (3.20.0):
    - Realm (= 3.20.0)
  - SwiftyJSON (5.0.0)
  - TinyConstraints (4.0.1)

DEPENDENCIES:
  - Alamofire
  - PromiseKit (~> 6.0)
  - PromiseKit/Alamofire (~> 6.0)
  - RealmSwift (~> 3.20.0)
  - SwiftyJSON
  - TinyConstraints

SPEC REPOS:
  https://github.com/CocoaPods/Specs.git:
    - Alamofire
    - PromiseKit
    - Realm
    - RealmSwift
    - SwiftyJSON
    - TinyConstraints

SPEC CHECKSUMS:
  Alamofire: 85e8a02c69d6020a0d734f6054870d7ecb75cf18
  PromiseKit: 28fda91c973cc377875d8c0ea4f973013c05b6db
  Realm: 8b2ca5bc6479a91f379b6b42b5922e396cd5ba5a
  RealmSwift: 1949ef26a279e1845bd51d591b9103adfcd121df
  SwiftyJSON: 36413e04c44ee145039d332b4f4e2d3e8d6c4db7
  TinyConstraints: 8dd91295e56797648c7bc335dd20e1d91ec4c192

PODFILE CHECKSUM: 9ceea02e4af6333506eaf476ed55dbeed43545a5

COCOAPODS: 1.9.1
