// !$*UTF8*$!
{
	archiveVersion = 1;
	classes = {
	};
	objectVersion = 51;
	objects = {

/* Begin PBXBuildFile section */
		347A348A8F885A7353BC4820 /* Pods_TyreCade.framework in Frameworks */ = {isa = PBXBuildFile; fileRef = A420100A24EA10DDE14EBC25 /* Pods_TyreCade.framework */; };
		66A5B0EB7BD2559853FDC53D /* Pods_TyreCadeTests.framework in Frameworks */ = {isa = PBXBuildFile; fileRef = 03CF875E5AE43A5306FBEBAF /* Pods_TyreCadeTests.framework */; };
		B23966CD24361EBD00DC1D53 /* AppDelegate.swift in Sources */ = {isa = PBXBuildFile; fileRef = B23966CC24361EBD00DC1D53 /* AppDelegate.swift */; };
		B23966CF24361EBD00DC1D53 /* SceneDelegate.swift in Sources */ = {isa = PBXBuildFile; fileRef = B23966CE24361EBD00DC1D53 /* SceneDelegate.swift */; };
		B23966D624361EBF00DC1D53 /* Assets.xcassets in Resources */ = {isa = PBXBuildFile; fileRef = B23966D524361EBF00DC1D53 /* Assets.xcassets */; };
		B23966D924361EBF00DC1D53 /* LaunchScreen.storyboard in Resources */ = {isa = PBXBuildFile; fileRef = B23966D724361EBF00DC1D53 /* LaunchScreen.storyboard */; };
		B23966E1243622F900DC1D53 /* MainTabBarController.swift in Sources */ = {isa = PBXBuildFile; fileRef = B23966E0243622F900DC1D53 /* MainTabBarController.swift */; };
		B23966E42436243100DC1D53 /* CheckTyreInteractor.swift in Sources */ = {isa = PBXBuildFile; fileRef = B23966E32436243100DC1D53 /* CheckTyreInteractor.swift */; };
		B23966E82436243F00DC1D53 /* CheckTyreProtocols.swift in Sources */ = {isa = PBXBuildFile; fileRef = B23966E52436243F00DC1D53 /* CheckTyreProtocols.swift */; };
		B23966E92436243F00DC1D53 /* CheckTyrePresenter.swift in Sources */ = {isa = PBXBuildFile; fileRef = B23966E62436243F00DC1D53 /* CheckTyrePresenter.swift */; };
		B23966EA2436243F00DC1D53 /* CheckTyreWireFrame.swift in Sources */ = {isa = PBXBuildFile; fileRef = B23966E72436243F00DC1D53 /* CheckTyreWireFrame.swift */; };
		B23966EE2436259900DC1D53 /* TyreCodeEntity.swift in Sources */ = {isa = PBXBuildFile; fileRef = B23966ED2436259900DC1D53 /* TyreCodeEntity.swift */; };
		B23966F1243625D200DC1D53 /* CheckTyreView.swift in Sources */ = {isa = PBXBuildFile; fileRef = B23966F0243625D200DC1D53 /* CheckTyreView.swift */; };
		B23966F32436261E00DC1D53 /* TyreCodesView.swift in Sources */ = {isa = PBXBuildFile; fileRef = B23966F22436261E00DC1D53 /* TyreCodesView.swift */; };
		B23966F62436268400DC1D53 /* TCContants.swift in Sources */ = {isa = PBXBuildFile; fileRef = B23966F52436268400DC1D53 /* TCContants.swift */; };
		B23966F8243628DB00DC1D53 /* ViewController.swift in Sources */ = {isa = PBXBuildFile; fileRef = B23966F7243628DB00DC1D53 /* ViewController.swift */; };
		B239670024364ADF00DC1D53 /* TyreCadeTests.swift in Sources */ = {isa = PBXBuildFile; fileRef = B23966FF24364ADF00DC1D53 /* TyreCadeTests.swift */; };
		B239670A24388EF400DC1D53 /* DataController.swift in Sources */ = {isa = PBXBuildFile; fileRef = B239670924388EF400DC1D53 /* DataController.swift */; };
		B239670D2438C24600DC1D53 /* TCDAOProtocol.swift in Sources */ = {isa = PBXBuildFile; fileRef = B239670C2438C24600DC1D53 /* TCDAOProtocol.swift */; };
		B239670F2438CEE800DC1D53 /* FilterOptionsProtocol.swift in Sources */ = {isa = PBXBuildFile; fileRef = B239670E2438CEE800DC1D53 /* FilterOptionsProtocol.swift */; };
		B23967112438D10B00DC1D53 /* TyreCodeDao.swift in Sources */ = {isa = PBXBuildFile; fileRef = B23967102438D10B00DC1D53 /* TyreCodeDao.swift */; };
		B23967142438D3FB00DC1D53 /* TCServiceProtocol.swift in Sources */ = {isa = PBXBuildFile; fileRef = B23967132438D3FB00DC1D53 /* TCServiceProtocol.swift */; };
		B23967162438D4BA00DC1D53 /* TCService.swift in Sources */ = {isa = PBXBuildFile; fileRef = B23967152438D4BA00DC1D53 /* TCService.swift */; };
		B23967192438D8EB00DC1D53 /* TyreCodeModel.swift in Sources */ = {isa = PBXBuildFile; fileRef = B23967182438D8EA00DC1D53 /* TyreCodeModel.swift */; };
		B239671B2438E5B000DC1D53 /* TCErrors.swift in Sources */ = {isa = PBXBuildFile; fileRef = B239671A2438E5B000DC1D53 /* TCErrors.swift */; };
		B239671D2438EE1C00DC1D53 /* TyreCadeFilterOptions.swift in Sources */ = {isa = PBXBuildFile; fileRef = B239671C2438EE1B00DC1D53 /* TyreCadeFilterOptions.swift */; };
/* End PBXBuildFile section */

/* Begin PBXContainerItemProxy section */
		B239670224364ADF00DC1D53 /* PBXContainerItemProxy */ = {
			isa = PBXContainerItemProxy;
			containerPortal = B23966C124361EBD00DC1D53 /* Project object */;
			proxyType = 1;
			remoteGlobalIDString = B23966C824361EBD00DC1D53;
			remoteInfo = TyreCade;
		};
/* End PBXContainerItemProxy section */

/* Begin PBXFileReference section */
		03CF875E5AE43A5306FBEBAF /* Pods_TyreCadeTests.framework */ = {isa = PBXFileReference; explicitFileType = wrapper.framework; includeInIndex = 0; path = Pods_TyreCadeTests.framework; sourceTree = BUILT_PRODUCTS_DIR; };
		3E8DB2E8935DFDB542B5744F /* Pods-TyreCade.release.xcconfig */ = {isa = PBXFileReference; includeInIndex = 1; lastKnownFileType = text.xcconfig; name = "Pods-TyreCade.release.xcconfig"; path = "Target Support Files/Pods-TyreCade/Pods-TyreCade.release.xcconfig"; sourceTree = "<group>"; };
		A420100A24EA10DDE14EBC25 /* Pods_TyreCade.framework */ = {isa = PBXFileReference; explicitFileType = wrapper.framework; includeInIndex = 0; path = Pods_TyreCade.framework; sourceTree = BUILT_PRODUCTS_DIR; };
		AC1D14C7E04B01751FB8B623 /* Pods-TyreCadeTests.release.xcconfig */ = {isa = PBXFileReference; includeInIndex = 1; lastKnownFileType = text.xcconfig; name = "Pods-TyreCadeTests.release.xcconfig"; path = "Target Support Files/Pods-TyreCadeTests/Pods-TyreCadeTests.release.xcconfig"; sourceTree = "<group>"; };
		B23966C924361EBD00DC1D53 /* TyreCade.app */ = {isa = PBXFileReference; explicitFileType = wrapper.application; includeInIndex = 0; path = TyreCade.app; sourceTree = BUILT_PRODUCTS_DIR; };
		B23966CC24361EBD00DC1D53 /* AppDelegate.swift */ = {isa = PBXFileReference; lastKnownFileType = sourcecode.swift; path = AppDelegate.swift; sourceTree = "<group>"; };
		B23966CE24361EBD00DC1D53 /* SceneDelegate.swift */ = {isa = PBXFileReference; lastKnownFileType = sourcecode.swift; path = SceneDelegate.swift; sourceTree = "<group>"; };
		B23966D524361EBF00DC1D53 /* Assets.xcassets */ = {isa = PBXFileReference; lastKnownFileType = folder.assetcatalog; path = Assets.xcassets; sourceTree = "<group>"; };
		B23966D824361EBF00DC1D53 /* Base */ = {isa = PBXFileReference; lastKnownFileType = file.storyboard; name = Base; path = Base.lproj/LaunchScreen.storyboard; sourceTree = "<group>"; };
		B23966DA24361EBF00DC1D53 /* Info.plist */ = {isa = PBXFileReference; lastKnownFileType = text.plist.xml; path = Info.plist; sourceTree = "<group>"; };
		B23966E0243622F900DC1D53 /* MainTabBarController.swift */ = {isa = PBXFileReference; lastKnownFileType = sourcecode.swift; path = MainTabBarController.swift; sourceTree = "<group>"; };
		B23966E32436243100DC1D53 /* CheckTyreInteractor.swift */ = {isa = PBXFileReference; fileEncoding = 4; lastKnownFileType = sourcecode.swift; path = CheckTyreInteractor.swift; sourceTree = "<group>"; };
		B23966E52436243F00DC1D53 /* CheckTyreProtocols.swift */ = {isa = PBXFileReference; fileEncoding = 4; lastKnownFileType = sourcecode.swift; path = CheckTyreProtocols.swift; sourceTree = "<group>"; };
		B23966E62436243F00DC1D53 /* CheckTyrePresenter.swift */ = {isa = PBXFileReference; fileEncoding = 4; lastKnownFileType = sourcecode.swift; path = CheckTyrePresenter.swift; sourceTree = "<group>"; };
		B23966E72436243F00DC1D53 /* CheckTyreWireFrame.swift */ = {isa = PBXFileReference; fileEncoding = 4; lastKnownFileType = sourcecode.swift; path = CheckTyreWireFrame.swift; sourceTree = "<group>"; };
		B23966ED2436259900DC1D53 /* TyreCodeEntity.swift */ = {isa = PBXFileReference; lastKnownFileType = sourcecode.swift; path = TyreCodeEntity.swift; sourceTree = "<group>"; };
		B23966F0243625D200DC1D53 /* CheckTyreView.swift */ = {isa = PBXFileReference; lastKnownFileType = sourcecode.swift; path = CheckTyreView.swift; sourceTree = "<group>"; };
		B23966F22436261E00DC1D53 /* TyreCodesView.swift */ = {isa = PBXFileReference; lastKnownFileType = sourcecode.swift; path = TyreCodesView.swift; sourceTree = "<group>"; };
		B23966F52436268400DC1D53 /* TCContants.swift */ = {isa = PBXFileReference; lastKnownFileType = sourcecode.swift; path = TCContants.swift; sourceTree = "<group>"; };
		B23966F7243628DB00DC1D53 /* ViewController.swift */ = {isa = PBXFileReference; lastKnownFileType = sourcecode.swift; path = ViewController.swift; sourceTree = "<group>"; };
		B23966FD24364ADF00DC1D53 /* TyreCadeTests.xctest */ = {isa = PBXFileReference; explicitFileType = wrapper.cfbundle; includeInIndex = 0; path = TyreCadeTests.xctest; sourceTree = BUILT_PRODUCTS_DIR; };
		B23966FF24364ADF00DC1D53 /* TyreCadeTests.swift */ = {isa = PBXFileReference; lastKnownFileType = sourcecode.swift; path = TyreCadeTests.swift; sourceTree = "<group>"; };
		B239670124364ADF00DC1D53 /* Info.plist */ = {isa = PBXFileReference; lastKnownFileType = text.plist.xml; path = Info.plist; sourceTree = "<group>"; };
		B239670724366A9700DC1D53 /* README.md */ = {isa = PBXFileReference; lastKnownFileType = net.daringfireball.markdown; path = README.md; sourceTree = SOURCE_ROOT; };
		B239670924388EF400DC1D53 /* DataController.swift */ = {isa = PBXFileReference; lastKnownFileType = sourcecode.swift; path = DataController.swift; sourceTree = "<group>"; };
		B239670C2438C24600DC1D53 /* TCDAOProtocol.swift */ = {isa = PBXFileReference; lastKnownFileType = sourcecode.swift; path = TCDAOProtocol.swift; sourceTree = "<group>"; };
		B239670E2438CEE800DC1D53 /* FilterOptionsProtocol.swift */ = {isa = PBXFileReference; lastKnownFileType = sourcecode.swift; path = FilterOptionsProtocol.swift; sourceTree = "<group>"; };
		B23967102438D10B00DC1D53 /* TyreCodeDao.swift */ = {isa = PBXFileReference; lastKnownFileType = sourcecode.swift; path = TyreCodeDao.swift; sourceTree = "<group>"; };
		B23967132438D3FB00DC1D53 /* TCServiceProtocol.swift */ = {isa = PBXFileReference; lastKnownFileType = sourcecode.swift; path = TCServiceProtocol.swift; sourceTree = "<group>"; };
		B23967152438D4BA00DC1D53 /* TCService.swift */ = {isa = PBXFileReference; lastKnownFileType = sourcecode.swift; path = TCService.swift; sourceTree = "<group>"; };
		B23967182438D8EA00DC1D53 /* TyreCodeModel.swift */ = {isa = PBXFileReference; lastKnownFileType = sourcecode.swift; path = TyreCodeModel.swift; sourceTree = "<group>"; };
		B239671A2438E5B000DC1D53 /* TCErrors.swift */ = {isa = PBXFileReference; lastKnownFileType = sourcecode.swift; path = TCErrors.swift; sourceTree = "<group>"; };
		B239671C2438EE1B00DC1D53 /* TyreCadeFilterOptions.swift */ = {isa = PBXFileReference; lastKnownFileType = sourcecode.swift; path = TyreCadeFilterOptions.swift; sourceTree = "<group>"; };
		C3F06FC074ED553283E4ADA3 /* Pods-TyreCadeTests.debug.xcconfig */ = {isa = PBXFileReference; includeInIndex = 1; lastKnownFileType = text.xcconfig; name = "Pods-TyreCadeTests.debug.xcconfig"; path = "Target Support Files/Pods-TyreCadeTests/Pods-TyreCadeTests.debug.xcconfig"; sourceTree = "<group>"; };
		C467DE8A51ED214B504E1924 /* Pods-TyreCade.debug.xcconfig */ = {isa = PBXFileReference; includeInIndex = 1; lastKnownFileType = text.xcconfig; name = "Pods-TyreCade.debug.xcconfig"; path = "Target Support Files/Pods-TyreCade/Pods-TyreCade.debug.xcconfig"; sourceTree = "<group>"; };
/* End PBXFileReference section */

/* Begin PBXFrameworksBuildPhase section */
		B23966C624361EBD00DC1D53 /* Frameworks */ = {
			isa = PBXFrameworksBuildPhase;
			buildActionMask = 2147483647;
			files = (
				347A348A8F885A7353BC4820 /* Pods_TyreCade.framework in Frameworks */,
			);
			runOnlyForDeploymentPostprocessing = 0;
		};
		B23966FA24364ADF00DC1D53 /* Frameworks */ = {
			isa = PBXFrameworksBuildPhase;
			buildActionMask = 2147483647;
			files = (
				66A5B0EB7BD2559853FDC53D /* Pods_TyreCadeTests.framework in Frameworks */,
			);
			runOnlyForDeploymentPostprocessing = 0;
		};
/* End PBXFrameworksBuildPhase section */

/* Begin PBXGroup section */
		364858AD4983B6F30874DB1A /* Pods */ = {
			isa = PBXGroup;
			children = (
				C467DE8A51ED214B504E1924 /* Pods-TyreCade.debug.xcconfig */,
				3E8DB2E8935DFDB542B5744F /* Pods-TyreCade.release.xcconfig */,
				C3F06FC074ED553283E4ADA3 /* Pods-TyreCadeTests.debug.xcconfig */,
				AC1D14C7E04B01751FB8B623 /* Pods-TyreCadeTests.release.xcconfig */,
			);
			path = Pods;
			sourceTree = "<group>";
		};
		6A91896DBA124ADF31998EED /* Frameworks */ = {
			isa = PBXGroup;
			children = (
				A420100A24EA10DDE14EBC25 /* Pods_TyreCade.framework */,
				03CF875E5AE43A5306FBEBAF /* Pods_TyreCadeTests.framework */,
			);
			name = Frameworks;
			sourceTree = "<group>";
		};
		B23966C024361EBD00DC1D53 = {
			isa = PBXGroup;
			children = (
				B239670B2438AA8100DC1D53 /* common */,
				B23966CB24361EBD00DC1D53 /* TyreCade */,
				B23966FE24364ADF00DC1D53 /* TyreCadeTests */,
				B23966CA24361EBD00DC1D53 /* Products */,
				364858AD4983B6F30874DB1A /* Pods */,
				6A91896DBA124ADF31998EED /* Frameworks */,
			);
			sourceTree = "<group>";
		};
		B23966CA24361EBD00DC1D53 /* Products */ = {
			isa = PBXGroup;
			children = (
				B23966C924361EBD00DC1D53 /* TyreCade.app */,
				B23966FD24364ADF00DC1D53 /* TyreCadeTests.xctest */,
			);
			name = Products;
			sourceTree = "<group>";
		};
		B23966CB24361EBD00DC1D53 /* TyreCade */ = {
			isa = PBXGroup;
			children = (
				B23966CC24361EBD00DC1D53 /* AppDelegate.swift */,
				B23966CE24361EBD00DC1D53 /* SceneDelegate.swift */,
				B23966E22436238000DC1D53 /* CheckTyre */,
				B23966EF243625BB00DC1D53 /* TyreCodes */,
				B23967122438D3AA00DC1D53 /* Services */,
				B239670824388EC300DC1D53 /* DAL */,
				B23966F42436266F00DC1D53 /* Helper */,
				B23966D524361EBF00DC1D53 /* Assets.xcassets */,
				B23966D724361EBF00DC1D53 /* LaunchScreen.storyboard */,
				B23966DA24361EBF00DC1D53 /* Info.plist */,
				B23966E0243622F900DC1D53 /* MainTabBarController.swift */,
				B23966F7243628DB00DC1D53 /* ViewController.swift */,
				B239670724366A9700DC1D53 /* README.md */,
			);
			path = TyreCade;
			sourceTree = "<group>";
		};
		B23966E22436238000DC1D53 /* CheckTyre */ = {
			isa = PBXGroup;
			children = (
				B23966F0243625D200DC1D53 /* CheckTyreView.swift */,
				B23966E62436243F00DC1D53 /* CheckTyrePresenter.swift */,
				B23966E32436243100DC1D53 /* CheckTyreInteractor.swift */,
				B23966E72436243F00DC1D53 /* CheckTyreWireFrame.swift */,
				B23966E52436243F00DC1D53 /* CheckTyreProtocols.swift */,
				B239671E243901FA00DC1D53 /* Protocols */,
			);
			path = CheckTyre;
			sourceTree = "<group>";
		};
		B23966EB2436245800DC1D53 /* Entities */ = {
			isa = PBXGroup;
			children = (
				B23966ED2436259900DC1D53 /* TyreCodeEntity.swift */,
			);
			path = Entities;
			sourceTree = "<group>";
		};
		B23966EF243625BB00DC1D53 /* TyreCodes */ = {
			isa = PBXGroup;
			children = (
				B23966F22436261E00DC1D53 /* TyreCodesView.swift */,
			);
			path = TyreCodes;
			sourceTree = "<group>";
		};
		B23966F42436266F00DC1D53 /* Helper */ = {
			isa = PBXGroup;
			children = (
				B23966F52436268400DC1D53 /* TCContants.swift */,
			);
			path = Helper;
			sourceTree = "<group>";
		};
		B23966FE24364ADF00DC1D53 /* TyreCadeTests */ = {
			isa = PBXGroup;
			children = (
				B23966FF24364ADF00DC1D53 /* TyreCadeTests.swift */,
				B239670124364ADF00DC1D53 /* Info.plist */,
			);
			path = TyreCadeTests;
			sourceTree = "<group>";
		};
		B239670824388EC300DC1D53 /* DAL */ = {
			isa = PBXGroup;
			children = (
				B239670924388EF400DC1D53 /* DataController.swift */,
				B239670C2438C24600DC1D53 /* TCDAOProtocol.swift */,
				B23967102438D10B00DC1D53 /* TyreCodeDao.swift */,
				B23967172438D85800DC1D53 /* Models */,
				B23966EB2436245800DC1D53 /* Entities */,
			);
			path = DAL;
			sourceTree = "<group>";
		};
		B239670B2438AA8100DC1D53 /* common */ = {
			isa = PBXGroup;
			children = (
				B239670E2438CEE800DC1D53 /* FilterOptionsProtocol.swift */,
				B239671A2438E5B000DC1D53 /* TCErrors.swift */,
				B239671C2438EE1B00DC1D53 /* TyreCadeFilterOptions.swift */,
			);
			path = common;
			sourceTree = "<group>";
		};
		B23967122438D3AA00DC1D53 /* Services */ = {
			isa = PBXGroup;
			children = (
				B23967132438D3FB00DC1D53 /* TCServiceProtocol.swift */,
				B23967152438D4BA00DC1D53 /* TCService.swift */,
			);
			path = Services;
			sourceTree = "<group>";
		};
		B23967172438D85800DC1D53 /* Models */ = {
			isa = PBXGroup;
			children = (
				B23967182438D8EA00DC1D53 /* TyreCodeModel.swift */,
			);
			path = Models;
			sourceTree = "<group>";
		};
		B239671E243901FA00DC1D53 /* Protocols */ = {
			isa = PBXGroup;
			children = (
			);
			path = Protocols;
			sourceTree = "<group>";
		};
/* End PBXGroup section */

/* Begin PBXNativeTarget section */
		B23966C824361EBD00DC1D53 /* TyreCade */ = {
			isa = PBXNativeTarget;
			buildConfigurationList = B23966DD24361EBF00DC1D53 /* Build configuration list for PBXNativeTarget "TyreCade" */;
			buildPhases = (
				017544CD7095DEC69E05CC1B /* [CP] Check Pods Manifest.lock */,
				B23966C524361EBD00DC1D53 /* Sources */,
				B23966C624361EBD00DC1D53 /* Frameworks */,
				B23966C724361EBD00DC1D53 /* Resources */,
				498BC0D9C0AF4A12C2F48F49 /* [CP] Embed Pods Frameworks */,
			);
			buildRules = (
			);
			dependencies = (
			);
			name = TyreCade;
			productName = TyreCade;
			productReference = B23966C924361EBD00DC1D53 /* TyreCade.app */;
			productType = "com.apple.product-type.application";
		};
		B23966FC24364ADF00DC1D53 /* TyreCadeTests */ = {
			isa = PBXNativeTarget;
			buildConfigurationList = B239670424364ADF00DC1D53 /* Build configuration list for PBXNativeTarget "TyreCadeTests" */;
			buildPhases = (
				5D4F731AAD99C6D1667A6038 /* [CP] Check Pods Manifest.lock */,
				B23966F924364ADF00DC1D53 /* Sources */,
				B23966FA24364ADF00DC1D53 /* Frameworks */,
				B23966FB24364ADF00DC1D53 /* Resources */,
			);
			buildRules = (
			);
			dependencies = (
				B239670324364ADF00DC1D53 /* PBXTargetDependency */,
			);
			name = TyreCadeTests;
			productName = TyreCadeTests;
			productReference = B23966FD24364ADF00DC1D53 /* TyreCadeTests.xctest */;
			productType = "com.apple.product-type.bundle.unit-test";
		};
/* End PBXNativeTarget section */

/* Begin PBXProject section */
		B23966C124361EBD00DC1D53 /* Project object */ = {
			isa = PBXProject;
			attributes = {
				LastSwiftUpdateCheck = 1130;
				LastUpgradeCheck = 1130;
				ORGANIZATIONNAME = "Ank Dev";
				TargetAttributes = {
					B23966C824361EBD00DC1D53 = {
						CreatedOnToolsVersion = 11.3;
					};
					B23966FC24364ADF00DC1D53 = {
						CreatedOnToolsVersion = 11.3;
						TestTargetID = B23966C824361EBD00DC1D53;
					};
				};
			};
			buildConfigurationList = B23966C424361EBD00DC1D53 /* Build configuration list for PBXProject "TyreCade" */;
			compatibilityVersion = "Xcode 9.3";
			developmentRegion = en;
			hasScannedForEncodings = 0;
			knownRegions = (
				en,
				Base,
			);
			mainGroup = B23966C024361EBD00DC1D53;
			productRefGroup = B23966CA24361EBD00DC1D53 /* Products */;
			projectDirPath = "";
			projectRoot = "";
			targets = (
				B23966C824361EBD00DC1D53 /* TyreCade */,
				B23966FC24364ADF00DC1D53 /* TyreCadeTests */,
			);
		};
/* End PBXProject section */

/* Begin PBXResourcesBuildPhase section */
		B23966C724361EBD00DC1D53 /* Resources */ = {
			isa = PBXResourcesBuildPhase;
			buildActionMask = 2147483647;
			files = (
				B23966D924361EBF00DC1D53 /* LaunchScreen.storyboard in Resources */,
				B23966D624361EBF00DC1D53 /* Assets.xcassets in Resources */,
			);
			runOnlyForDeploymentPostprocessing = 0;
		};
		B23966FB24364ADF00DC1D53 /* Resources */ = {
			isa = PBXResourcesBuildPhase;
			buildActionMask = 2147483647;
			files = (
			);
			runOnlyForDeploymentPostprocessing = 0;
		};
/* End PBXResourcesBuildPhase section */

/* Begin PBXShellScriptBuildPhase section */
		017544CD7095DEC69E05CC1B /* [CP] Check Pods Manifest.lock */ = {
			isa = PBXShellScriptBuildPhase;
			buildActionMask = 2147483647;
			files = (
			);
			inputFileListPaths = (
			);
			inputPaths = (
				"${PODS_PODFILE_DIR_PATH}/Podfile.lock",
				"${PODS_ROOT}/Manifest.lock",
			);
			name = "[CP] Check Pods Manifest.lock";
			outputFileListPaths = (
			);
			outputPaths = (
				"$(DERIVED_FILE_DIR)/Pods-TyreCade-checkManifestLockResult.txt",
			);
			runOnlyForDeploymentPostprocessing = 0;
			shellPath = /bin/sh;
			shellScript = "diff \"${PODS_PODFILE_DIR_PATH}/Podfile.lock\" \"${PODS_ROOT}/Manifest.lock\" > /dev/null\nif [ $? != 0 ] ; then\n    # print error to STDERR\n    echo \"error: The sandbox is not in sync with the Podfile.lock. Run 'pod install' or update your CocoaPods installation.\" >&2\n    exit 1\nfi\n# This output is used by Xcode 'outputs' to avoid re-running this script phase.\necho \"SUCCESS\" > \"${SCRIPT_OUTPUT_FILE_0}\"\n";
			showEnvVarsInLog = 0;
		};
		498BC0D9C0AF4A12C2F48F49 /* [CP] Embed Pods Frameworks */ = {
			isa = PBXShellScriptBuildPhase;
			buildActionMask = 2147483647;
			files = (
			);
			inputFileListPaths = (
				"${PODS_ROOT}/Target Support Files/Pods-TyreCade/Pods-TyreCade-frameworks-${CONFIGURATION}-input-files.xcfilelist",
			);
			name = "[CP] Embed Pods Frameworks";
			outputFileListPaths = (
				"${PODS_ROOT}/Target Support Files/Pods-TyreCade/Pods-TyreCade-frameworks-${CONFIGURATION}-output-files.xcfilelist",
			);
			runOnlyForDeploymentPostprocessing = 0;
			shellPath = /bin/sh;
			shellScript = "\"${PODS_ROOT}/Target Support Files/Pods-TyreCade/Pods-TyreCade-frameworks.sh\"\n";
			showEnvVarsInLog = 0;
		};
		5D4F731AAD99C6D1667A6038 /* [CP] Check Pods Manifest.lock */ = {
			isa = PBXShellScriptBuildPhase;
			buildActionMask = 2147483647;
			files = (
			);
			inputFileListPaths = (
			);
			inputPaths = (
				"${PODS_PODFILE_DIR_PATH}/Podfile.lock",
				"${PODS_ROOT}/Manifest.lock",
			);
			name = "[CP] Check Pods Manifest.lock";
			outputFileListPaths = (
			);
			outputPaths = (
				"$(DERIVED_FILE_DIR)/Pods-TyreCadeTests-checkManifestLockResult.txt",
			);
			runOnlyForDeploymentPostprocessing = 0;
			shellPath = /bin/sh;
			shellScript = "diff \"${PODS_PODFILE_DIR_PATH}/Podfile.lock\" \"${PODS_ROOT}/Manifest.lock\" > /dev/null\nif [ $? != 0 ] ; then\n    # print error to STDERR\n    echo \"error: The sandbox is not in sync with the Podfile.lock. Run 'pod install' or update your CocoaPods installation.\" >&2\n    exit 1\nfi\n# This output is used by Xcode 'outputs' to avoid re-running this script phase.\necho \"SUCCESS\" > \"${SCRIPT_OUTPUT_FILE_0}\"\n";
			showEnvVarsInLog = 0;
		};
/* End PBXShellScriptBuildPhase section */

/* Begin PBXSourcesBuildPhase section */
		B23966C524361EBD00DC1D53 /* Sources */ = {
			isa = PBXSourcesBuildPhase;
			buildActionMask = 2147483647;
			files = (
				B239671D2438EE1C00DC1D53 /* TyreCadeFilterOptions.swift in Sources */,
				B23966F1243625D200DC1D53 /* CheckTyreView.swift in Sources */,
				B23966CD24361EBD00DC1D53 /* AppDelegate.swift in Sources */,
				B23966E82436243F00DC1D53 /* CheckTyreProtocols.swift in Sources */,
				B239670D2438C24600DC1D53 /* TCDAOProtocol.swift in Sources */,
				B239670F2438CEE800DC1D53 /* FilterOptionsProtocol.swift in Sources */,
				B239671B2438E5B000DC1D53 /* TCErrors.swift in Sources */,
				B23966F62436268400DC1D53 /* TCContants.swift in Sources */,
				B23966F32436261E00DC1D53 /* TyreCodesView.swift in Sources */,
				B23966E1243622F900DC1D53 /* MainTabBarController.swift in Sources */,
				B23966F8243628DB00DC1D53 /* ViewController.swift in Sources */,
				B23966E42436243100DC1D53 /* CheckTyreInteractor.swift in Sources */,
				B23967162438D4BA00DC1D53 /* TCService.swift in Sources */,
				B23967142438D3FB00DC1D53 /* TCServiceProtocol.swift in Sources */,
				B23966E92436243F00DC1D53 /* CheckTyrePresenter.swift in Sources */,
				B23966CF24361EBD00DC1D53 /* SceneDelegate.swift in Sources */,
				B23966EA2436243F00DC1D53 /* CheckTyreWireFrame.swift in Sources */,
				B239670A24388EF400DC1D53 /* DataController.swift in Sources */,
				B23966EE2436259900DC1D53 /* TyreCodeEntity.swift in Sources */,
				B23967112438D10B00DC1D53 /* TyreCodeDao.swift in Sources */,
				B23967192438D8EB00DC1D53 /* TyreCodeModel.swift in Sources */,
			);
			runOnlyForDeploymentPostprocessing = 0;
		};
		B23966F924364ADF00DC1D53 /* Sources */ = {
			isa = PBXSourcesBuildPhase;
			buildActionMask = 2147483647;
			files = (
				B239670024364ADF00DC1D53 /* TyreCadeTests.swift in Sources */,
			);
			runOnlyForDeploymentPostprocessing = 0;
		};
/* End PBXSourcesBuildPhase section */

/* Begin PBXTargetDependency section */
		B239670324364ADF00DC1D53 /* PBXTargetDependency */ = {
			isa = PBXTargetDependency;
			target = B23966C824361EBD00DC1D53 /* TyreCade */;
			targetProxy = B239670224364ADF00DC1D53 /* PBXContainerItemProxy */;
		};
/* End PBXTargetDependency section */

/* Begin PBXVariantGroup section */
		B23966D724361EBF00DC1D53 /* LaunchScreen.storyboard */ = {
			isa = PBXVariantGroup;
			children = (
				B23966D824361EBF00DC1D53 /* Base */,
			);
			name = LaunchScreen.storyboard;
			sourceTree = "<group>";
		};
/* End PBXVariantGroup section */

/* Begin XCBuildConfiguration section */
		B23966DB24361EBF00DC1D53 /* Debug */ = {
			isa = XCBuildConfiguration;
			buildSettings = {
				ALWAYS_SEARCH_USER_PATHS = NO;
				CLANG_ANALYZER_NONNULL = YES;
				CLANG_ANALYZER_NUMBER_OBJECT_CONVERSION = YES_AGGRESSIVE;
				CLANG_CXX_LANGUAGE_STANDARD = "gnu++14";
				CLANG_CXX_LIBRARY = "libc++";
				CLANG_ENABLE_MODULES = YES;
				CLANG_ENABLE_OBJC_ARC = YES;
				CLANG_ENABLE_OBJC_WEAK = YES;
				CLANG_WARN_BLOCK_CAPTURE_AUTORELEASING = YES;
				CLANG_WARN_BOOL_CONVERSION = YES;
				CLANG_WARN_COMMA = YES;
				CLANG_WARN_CONSTANT_CONVERSION = YES;
				CLANG_WARN_DEPRECATED_OBJC_IMPLEMENTATIONS = YES;
				CLANG_WARN_DIRECT_OBJC_ISA_USAGE = YES_ERROR;
				CLANG_WARN_DOCUMENTATION_COMMENTS = YES;
				CLANG_WARN_EMPTY_BODY = YES;
				CLANG_WARN_ENUM_CONVERSION = YES;
				CLANG_WARN_INFINITE_RECURSION = YES;
				CLANG_WARN_INT_CONVERSION = YES;
				CLANG_WARN_NON_LITERAL_NULL_CONVERSION = YES;
				CLANG_WARN_OBJC_IMPLICIT_RETAIN_SELF = YES;
				CLANG_WARN_OBJC_LITERAL_CONVERSION = YES;
				CLANG_WARN_OBJC_ROOT_CLASS = YES_ERROR;
				CLANG_WARN_RANGE_LOOP_ANALYSIS = YES;
				CLANG_WARN_STRICT_PROTOTYPES = YES;
				CLANG_WARN_SUSPICIOUS_MOVE = YES;
				CLANG_WARN_UNGUARDED_AVAILABILITY = YES_AGGRESSIVE;
				CLANG_WARN_UNREACHABLE_CODE = YES;
				CLANG_WARN__DUPLICATE_METHOD_MATCH = YES;
				COPY_PHASE_STRIP = NO;
				DEBUG_INFORMATION_FORMAT = dwarf;
				ENABLE_STRICT_OBJC_MSGSEND = YES;
				ENABLE_TESTABILITY = YES;
				GCC_C_LANGUAGE_STANDARD = gnu11;
				GCC_DYNAMIC_NO_PIC = NO;
				GCC_NO_COMMON_BLOCKS = YES;
				GCC_OPTIMIZATION_LEVEL = 0;
				GCC_PREPROCESSOR_DEFINITIONS = (
					"DEBUG=1",
					"$(inherited)",
				);
				GCC_WARN_64_TO_32_BIT_CONVERSION = YES;
				GCC_WARN_ABOUT_RETURN_TYPE = YES_ERROR;
				GCC_WARN_UNDECLARED_SELECTOR = YES;
				GCC_WARN_UNINITIALIZED_AUTOS = YES_AGGRESSIVE;
				GCC_WARN_UNUSED_FUNCTION = YES;
				GCC_WARN_UNUSED_VARIABLE = YES;
				IPHONEOS_DEPLOYMENT_TARGET = 13.2;
				MTL_ENABLE_DEBUG_INFO = INCLUDE_SOURCE;
				MTL_FAST_MATH = YES;
				ONLY_ACTIVE_ARCH = YES;
				SDKROOT = iphoneos;
				SWIFT_ACTIVE_COMPILATION_CONDITIONS = DEBUG;
				SWIFT_OPTIMIZATION_LEVEL = "-Onone";
			};
			name = Debug;
		};
		B23966DC24361EBF00DC1D53 /* Release */ = {
			isa = XCBuildConfiguration;
			buildSettings = {
				ALWAYS_SEARCH_USER_PATHS = NO;
				CLANG_ANALYZER_NONNULL = YES;
				CLANG_ANALYZER_NUMBER_OBJECT_CONVERSION = YES_AGGRESSIVE;
				CLANG_CXX_LANGUAGE_STANDARD = "gnu++14";
				CLANG_CXX_LIBRARY = "libc++";
				CLANG_ENABLE_MODULES = YES;
				CLANG_ENABLE_OBJC_ARC = YES;
				CLANG_ENABLE_OBJC_WEAK = YES;
				CLANG_WARN_BLOCK_CAPTURE_AUTORELEASING = YES;
				CLANG_WARN_BOOL_CONVERSION = YES;
				CLANG_WARN_COMMA = YES;
				CLANG_WARN_CONSTANT_CONVERSION = YES;
				CLANG_WARN_DEPRECATED_OBJC_IMPLEMENTATIONS = YES;
				CLANG_WARN_DIRECT_OBJC_ISA_USAGE = YES_ERROR;
				CLANG_WARN_DOCUMENTATION_COMMENTS = YES;
				CLANG_WARN_EMPTY_BODY = YES;
				CLANG_WARN_ENUM_CONVERSION = YES;
				CLANG_WARN_INFINITE_RECURSION = YES;
				CLANG_WARN_INT_CONVERSION = YES;
				CLANG_WARN_NON_LITERAL_NULL_CONVERSION = YES;
				CLANG_WARN_OBJC_IMPLICIT_RETAIN_SELF = YES;
				CLANG_WARN_OBJC_LITERAL_CONVERSION = YES;
				CLANG_WARN_OBJC_ROOT_CLASS = YES_ERROR;
				CLANG_WARN_RANGE_LOOP_ANALYSIS = YES;
				CLANG_WARN_STRICT_PROTOTYPES = YES;
				CLANG_WARN_SUSPICIOUS_MOVE = YES;
				CLANG_WARN_UNGUARDED_AVAILABILITY = YES_AGGRESSIVE;
				CLANG_WARN_UNREACHABLE_CODE = YES;
				CLANG_WARN__DUPLICATE_METHOD_MATCH = YES;
				COPY_PHASE_STRIP = NO;
				DEBUG_INFORMATION_FORMAT = "dwarf-with-dsym";
				ENABLE_NS_ASSERTIONS = NO;
				ENABLE_STRICT_OBJC_MSGSEND = YES;
				GCC_C_LANGUAGE_STANDARD = gnu11;
				GCC_NO_COMMON_BLOCKS = YES;
				GCC_WARN_64_TO_32_BIT_CONVERSION = YES;
				GCC_WARN_ABOUT_RETURN_TYPE = YES_ERROR;
				GCC_WARN_UNDECLARED_SELECTOR = YES;
				GCC_WARN_UNINITIALIZED_AUTOS = YES_AGGRESSIVE;
				GCC_WARN_UNUSED_FUNCTION = YES;
				GCC_WARN_UNUSED_VARIABLE = YES;
				IPHONEOS_DEPLOYMENT_TARGET = 13.2;
				MTL_ENABLE_DEBUG_INFO = NO;
				MTL_FAST_MATH = YES;
				SDKROOT = iphoneos;
				SWIFT_COMPILATION_MODE = wholemodule;
				SWIFT_OPTIMIZATION_LEVEL = "-O";
				VALIDATE_PRODUCT = YES;
			};
			name = Release;
		};
		B23966DE24361EBF00DC1D53 /* Debug */ = {
			isa = XCBuildConfiguration;
			baseConfigurationReference = C467DE8A51ED214B504E1924 /* Pods-TyreCade.debug.xcconfig */;
			buildSettings = {
				ASSETCATALOG_COMPILER_APPICON_NAME = AppIcon;
				CODE_SIGN_STYLE = Automatic;
				DEVELOPMENT_TEAM = CZ32HA5J4W;
				INFOPLIST_FILE = TyreCade/Info.plist;
				IPHONEOS_DEPLOYMENT_TARGET = 13.0;
				LD_RUNPATH_SEARCH_PATHS = (
					"$(inherited)",
					"@executable_path/Frameworks",
				);
				PRODUCT_BUNDLE_IDENTIFIER = com.ank.tyreCade;
				PRODUCT_NAME = "$(TARGET_NAME)";
				SWIFT_VERSION = 5.0;
				TARGETED_DEVICE_FAMILY = 1;
			};
			name = Debug;
		};
		B23966DF24361EBF00DC1D53 /* Release */ = {
			isa = XCBuildConfiguration;
			baseConfigurationReference = 3E8DB2E8935DFDB542B5744F /* Pods-TyreCade.release.xcconfig */;
			buildSettings = {
				ASSETCATALOG_COMPILER_APPICON_NAME = AppIcon;
				CODE_SIGN_STYLE = Automatic;
				DEVELOPMENT_TEAM = CZ32HA5J4W;
				INFOPLIST_FILE = TyreCade/Info.plist;
				IPHONEOS_DEPLOYMENT_TARGET = 13.0;
				LD_RUNPATH_SEARCH_PATHS = (
					"$(inherited)",
					"@executable_path/Frameworks",
				);
				PRODUCT_BUNDLE_IDENTIFIER = com.ank.tyreCade;
				PRODUCT_NAME = "$(TARGET_NAME)";
				SWIFT_VERSION = 5.0;
				TARGETED_DEVICE_FAMILY = 1;
			};
			name = Release;
		};
		B239670524364ADF00DC1D53 /* Debug */ = {
			isa = XCBuildConfiguration;
			baseConfigurationReference = C3F06FC074ED553283E4ADA3 /* Pods-TyreCadeTests.debug.xcconfig */;
			buildSettings = {
				BUNDLE_LOADER = "$(TEST_HOST)";
				CODE_SIGN_STYLE = Automatic;
				DEVELOPMENT_TEAM = CZ32HA5J4W;
				INFOPLIST_FILE = TyreCadeTests/Info.plist;
				LD_RUNPATH_SEARCH_PATHS = (
					"$(inherited)",
					"@executable_path/Frameworks",
					"@loader_path/Frameworks",
				);
				PRODUCT_BUNDLE_IDENTIFIER = com.ank.TyreCadeTests;
				PRODUCT_NAME = "$(TARGET_NAME)";
				SWIFT_VERSION = 5.0;
				TARGETED_DEVICE_FAMILY = "1,2";
				TEST_HOST = "$(BUILT_PRODUCTS_DIR)/TyreCade.app/TyreCade";
			};
			name = Debug;
		};
		B239670624364ADF00DC1D53 /* Release */ = {
			isa = XCBuildConfiguration;
			baseConfigurationReference = AC1D14C7E04B01751FB8B623 /* Pods-TyreCadeTests.release.xcconfig */;
			buildSettings = {
				BUNDLE_LOADER = "$(TEST_HOST)";
				CODE_SIGN_STYLE = Automatic;
				DEVELOPMENT_TEAM = CZ32HA5J4W;
				INFOPLIST_FILE = TyreCadeTests/Info.plist;
				LD_RUNPATH_SEARCH_PATHS = (
					"$(inherited)",
					"@executable_path/Frameworks",
					"@loader_path/Frameworks",
				);
				PRODUCT_BUNDLE_IDENTIFIER = com.ank.TyreCadeTests;
				PRODUCT_NAME = "$(TARGET_NAME)";
				SWIFT_VERSION = 5.0;
				TARGETED_DEVICE_FAMILY = "1,2";
				TEST_HOST = "$(BUILT_PRODUCTS_DIR)/TyreCade.app/TyreCade";
			};
			name = Release;
		};
/* End XCBuildConfiguration section */

/* Begin XCConfigurationList section */
		B23966C424361EBD00DC1D53 /* Build configuration list for PBXProject "TyreCade" */ = {
			isa = XCConfigurationList;
			buildConfigurations = (
				B23966DB24361EBF00DC1D53 /* Debug */,
				B23966DC24361EBF00DC1D53 /* Release */,
			);
			defaultConfigurationIsVisible = 0;
			defaultConfigurationName = Release;
		};
		B23966DD24361EBF00DC1D53 /* Build configuration list for PBXNativeTarget "TyreCade" */ = {
			isa = XCConfigurationList;
			buildConfigurations = (
				B23966DE24361EBF00DC1D53 /* Debug */,
				B23966DF24361EBF00DC1D53 /* Release */,
			);
			defaultConfigurationIsVisible = 0;
			defaultConfigurationName = Release;
		};
		B239670424364ADF00DC1D53 /* Build configuration list for PBXNativeTarget "TyreCadeTests" */ = {
			isa = XCConfigurationList;
			buildConfigurations = (
				B239670524364ADF00DC1D53 /* Debug */,
				B239670624364ADF00DC1D53 /* Release */,
			);
			defaultConfigurationIsVisible = 0;
			defaultConfigurationName = Release;
		};
/* End XCConfigurationList section */
	};
	rootObject = B23966C124361EBD00DC1D53 /* Project object */;
}
